
Microsoft Visual Studio Solution File, Format Version 12.00
# Visual Studio Version 17
VisualStudioVersion = 17.5.33530.505
MinimumVisualStudioVersion = 10.0.40219.1
Project("{FAE04EC0-301F-11D3-BF4B-00C04F79EFBC}") = "SqlKeepnote", "SqlKeepnote.csproj", "{1018BC8D-59ED-4483-85EE-3D1AE1D8393C}"
EndProject
Global
	GlobalSection(SolutionConfigurationPlatforms) = preSolution
		Debug|Any CPU = Debug|Any CPU
		Release|Any CPU = Release|Any CPU
	EndGlobalSection
	GlobalSection(ProjectConfigurationPlatforms) = postSolution
		{1018BC8D-59ED-4483-85EE-3D1AE1D8393C}.Debug|Any CPU.ActiveCfg = Debug|Any CPU
		{1018BC8D-59ED-4483-85EE-3D1AE1D8393C}.Debug|Any CPU.Build.0 = Debug|Any CPU
		{1018BC8D-59ED-4483-85EE-3D1AE1D8393C}.Release|Any CPU.ActiveCfg = Release|Any CPU
		{1018BC8D-59ED-4483-85EE-3D1AE1D8393C}.Release|Any CPU.Build.0 = Release|Any CPU
	EndGlobalSection
	GlobalSection(SolutionProperties) = preSolution
		HideSolutionNode = FALSE
	EndGlobalSection
	GlobalSection(ExtensibilityGlobals) = postSolution
		SolutionGuid = {12677B0D-F08E-47A7-80E9-E7978C2A9CC2}
	EndGlobalSection
EndGlobal
